
Microsoft Visual Studio Solution File, Format Version 12.00
# Visual Studio Version 17
VisualStudioVersion = 17.14.36301.6 d17.14
MinimumVisualStudioVersion = 10.0.40219.1
Project("{FAE04EC0-301F-11D3-BF4B-00C04F79EFBC}") = "WebApplication1", "WebApplication1.csproj", "{2FA6C984-51EA-4E77-AB39-C50E85FDD14E}"
EndProject
Global
	GlobalSection(SolutionConfigurationPlatforms) = preSolution
		Debug|Any CPU = Debug|Any CPU
		Release|Any CPU = Release|Any CPU
	EndGlobalSection
	GlobalSection(ProjectConfigurationPlatforms) = postSolution
		{2FA6C984-51EA-4E77-AB39-C50E85FDD14E}.Debug|Any CPU.ActiveCfg = Debug|Any CPU
		{2FA6C984-51EA-4E77-AB39-C50E85FDD14E}.Debug|Any CPU.Build.0 = Debug|Any CPU
		{2FA6C984-51EA-4E77-AB39-C50E85FDD14E}.Release|Any CPU.ActiveCfg = Release|Any CPU
		{2FA6C984-51EA-4E77-AB39-C50E85FDD14E}.Release|Any CPU.Build.0 = Release|Any CPU
	EndGlobalSection
	GlobalSection(SolutionProperties) = preSolution
		HideSolutionNode = FALSE
	EndGlobalSection
	GlobalSection(ExtensibilityGlobals) = postSolution
		SolutionGuid = {7B16FE08-07E3-4793-91A8-2A440866B838}
	EndGlobalSection
EndGlobal
